
Microsoft Visual Studio Solution File, Format Version 12.00
# Visual Studio Version 16
VisualStudioVersion = 16.0.30907.101
MinimumVisualStudioVersion = 10.0.40219.1
Project("{FAE04EC0-301F-11D3-BF4B-00C04F79EFBC}") = "Authentication", "Authentication.csproj", "{ED7377BB-80AD-41DE-9C31-1E41A1FDF022}"
EndProject
Global
	GlobalSection(SolutionConfigurationPlatforms) = preSolution
		Debug|Any CPU = Debug|Any CPU
		Release|Any CPU = Release|Any CPU
	EndGlobalSection
	GlobalSection(ProjectConfigurationPlatforms) = postSolution
		{ED7377BB-80AD-41DE-9C31-1E41A1FDF022}.Debug|Any CPU.ActiveCfg = Debug|Any CPU
		{ED7377BB-80AD-41DE-9C31-1E41A1FDF022}.Debug|Any CPU.Build.0 = Debug|Any CPU
		{ED7377BB-80AD-41DE-9C31-1E41A1FDF022}.Release|Any CPU.ActiveCfg = Release|Any CPU
		{ED7377BB-80AD-41DE-9C31-1E41A1FDF022}.Release|Any CPU.Build.0 = Release|Any CPU
	EndGlobalSection
	GlobalSection(SolutionProperties) = preSolution
		HideSolutionNode = FALSE
	EndGlobalSection
	GlobalSection(ExtensibilityGlobals) = postSolution
		SolutionGuid = {4EA467B0-5A1B-414E-8941-F7C24A2F7062}
	EndGlobalSection
EndGlobal
